// !$*UTF8*$!
{
	archiveVersion = 1;
	classes = {
	};
	objectVersion = 77;
	objects = {

/* Begin PBXBuildFile section */
		48E993C92CDF27AE00C554B9 /* APIKit in Frameworks */ = {isa = PBXBuildFile; productRef = 48E993C82CDF27AE00C554B9 /* APIKit */; };
/* End PBXBuildFile section */

/* Begin PBXContainerItemProxy section */
		48E993A32CCE408100C554B9 /* PBXContainerItemProxy */ = {
			isa = PBXContainerItemProxy;
			containerPortal = 48E9938A2CCE408000C554B9 /* Project object */;
			proxyType = 1;
			remoteGlobalIDString = 48E993912CCE408000C554B9;
			remoteInfo = ApiKitSample;
		};
		48E993AD2CCE408100C554B9 /* PBXContainerItemProxy */ = {
			isa = PBXContainerItemProxy;
			containerPortal = 48E9938A2CCE408000C554B9 /* Project object */;
			proxyType = 1;
			remoteGlobalIDString = 48E993912CCE408000C554B9;
			remoteInfo = ApiKitSample;
		};
/* End PBXContainerItemProxy section */

/* Begin PBXFileReference section */
		48E993922CCE408000C554B9 /* ApiKitSample.app */ = {isa = PBXFileReference; explicitFileType = wrapper.application; includeInIndex = 0; path = ApiKitSample.app; sourceTree = BUILT_PRODUCTS_DIR; };
		48E993A22CCE408100C554B9 /* ApiKitSampleTests.xctest */ = {isa = PBXFileReference; explicitFileType = wrapper.cfbundle; includeInIndex = 0; path = ApiKitSampleTests.xctest; sourceTree = BUILT_PRODUCTS_DIR; };
		48E993AC2CCE408100C554B9 /* ApiKitSampleUITests.xctest */ = {isa = PBXFileReference; explicitFileType = wrapper.cfbundle; includeInIndex = 0; path = ApiKitSampleUITests.xctest; sourceTree = BUILT_PRODUCTS_DIR; };
/* End PBXFileReference section */

/* Begin PBXFileSystemSynchronizedRootGroup section */
		48E993942CCE408000C554B9 /* ApiKitSample */ = {
			isa = PBXFileSystemSynchronizedRootGroup;
			path = ApiKitSample;
			sourceTree = "<group>";
		};
		48E993A52CCE408100C554B9 /* ApiKitSampleTests */ = {
			isa = PBXFileSystemSynchronizedRootGroup;
			path = ApiKitSampleTests;
			sourceTree = "<group>";
		};
		48E993AF2CCE408100C554B9 /* ApiKitSampleUITests */ = {
			isa = PBXFileSystemSynchronizedRootGroup;
			path = ApiKitSampleUITests;
			sourceTree = "<group>";
		};
/* End PBXFileSystemSynchronizedRootGroup section */

/* Begin PBXFrameworksBuildPhase section */
		48E9938F2CCE408000C554B9 /* Frameworks */ = {
			isa = PBXFrameworksBuildPhase;
			buildActionMask = 2147483647;
			files = (
				48E993C92CDF27AE00C554B9 /* APIKit in Frameworks */,
			);
			runOnlyForDeploymentPostprocessing = 0;
		};
		48E9939F2CCE408100C554B9 /* Frameworks */ = {
			isa = PBXFrameworksBuildPhase;
			buildActionMask = 2147483647;
			files = (
			);
			runOnlyForDeploymentPostprocessing = 0;
		};
		48E993A92CCE408100C554B9 /* Frameworks */ = {
			isa = PBXFrameworksBuildPhase;
			buildActionMask = 2147483647;
			files = (
			);
			runOnlyForDeploymentPostprocessing = 0;
		};
/* End PBXFrameworksBuildPhase section */

/* Begin PBXGroup section */
		48E993892CCE408000C554B9 = {
			isa = PBXGroup;
			children = (
				48E993942CCE408000C554B9 /* ApiKitSample */,
				48E993A52CCE408100C554B9 /* ApiKitSampleTests */,
				48E993AF2CCE408100C554B9 /* ApiKitSampleUITests */,
				48E993932CCE408000C554B9 /* Products */,
			);
			sourceTree = "<group>";
		};
		48E993932CCE408000C554B9 /* Products */ = {
			isa = PBXGroup;
			children = (
				48E993922CCE408000C554B9 /* ApiKitSample.app */,
				48E993A22CCE408100C554B9 /* ApiKitSampleTests.xctest */,
				48E993AC2CCE408100C554B9 /* ApiKitSampleUITests.xctest */,
			);
			name = Products;
			sourceTree = "<group>";
		};
/* End PBXGroup section */

/* Begin PBXNativeTarget section */
		48E993912CCE408000C554B9 /* ApiKitSample */ = {
			isa = PBXNativeTarget;
			buildConfigurationList = 48E993B62CCE408100C554B9 /* Build configuration list for PBXNativeTarget "ApiKitSample" */;
			buildPhases = (
				48E9938E2CCE408000C554B9 /* Sources */,
				48E9938F2CCE408000C554B9 /* Frameworks */,
				48E993902CCE408000C554B9 /* Resources */,
			);
			buildRules = (
			);
			dependencies = (
			);
			fileSystemSynchronizedGroups = (
				48E993942CCE408000C554B9 /* ApiKitSample */,
			);
			name = ApiKitSample;
			packageProductDependencies = (
				48E993C82CDF27AE00C554B9 /* APIKit */,
			);
			productName = ApiKitSample;
			productReference = 48E993922CCE408000C554B9 /* ApiKitSample.app */;
			productType = "com.apple.product-type.application";
		};
		48E993A12CCE408100C554B9 /* ApiKitSampleTests */ = {
			isa = PBXNativeTarget;
			buildConfigurationList = 48E993B92CCE408100C554B9 /* Build configuration list for PBXNativeTarget "ApiKitSampleTests" */;
			buildPhases = (
				48E9939E2CCE408100C554B9 /* Sources */,
				48E9939F2CCE408100C554B9 /* Frameworks */,
				48E993A02CCE408100C554B9 /* Resources */,
			);
			buildRules = (
			);
			dependencies = (
				48E993A42CCE408100C554B9 /* PBXTargetDependency */,
			);
			fileSystemSynchronizedGroups = (
				48E993A52CCE408100C554B9 /* ApiKitSampleTests */,
			);
			name = ApiKitSampleTests;
			packageProductDependencies = (
			);
			productName = ApiKitSampleTests;
			productReference = 48E993A22CCE408100C554B9 /* ApiKitSampleTests.xctest */;
			productType = "com.apple.product-type.bundle.unit-test";
		};
		48E993AB2CCE408100C554B9 /* ApiKitSampleUITests */ = {
			isa = PBXNativeTarget;
			buildConfigurationList = 48E993BC2CCE408100C554B9 /* Build configuration list for PBXNativeTarget "ApiKitSampleUITests" */;
			buildPhases = (
				48E993A82CCE408100C554B9 /* Sources */,
				48E993A92CCE408100C554B9 /* Frameworks */,
				48E993AA2CCE408100C554B9 /* Resources */,
			);
			buildRules = (
			);
			dependencies = (
				48E993AE2CCE408100C554B9 /* PBXTargetDependency */,
			);
			fileSystemSynchronizedGroups = (
				48E993AF2CCE408100C554B9 /* ApiKitSampleUITests */,
			);
			name = ApiKitSampleUITests;
			packageProductDependencies = (
			);
			productName = ApiKitSampleUITests;
			productReference = 48E993AC2CCE408100C554B9 /* ApiKitSampleUITests.xctest */;
			productType = "com.apple.product-type.bundle.ui-testing";
		};
/* End PBXNativeTarget section */

/* Begin PBXProject section */
		48E9938A2CCE408000C554B9 /* Project object */ = {
			isa = PBXProject;
			attributes = {
				BuildIndependentTargetsInParallel = 1;
				LastSwiftUpdateCheck = 1600;
				LastUpgradeCheck = 1600;
				TargetAttributes = {
					48E993912CCE408000C554B9 = {
						CreatedOnToolsVersion = 16.0;
					};
					48E993A12CCE408100C554B9 = {
						CreatedOnToolsVersion = 16.0;
						TestTargetID = 48E993912CCE408000C554B9;
					};
					48E993AB2CCE408100C554B9 = {
						CreatedOnToolsVersion = 16.0;
						TestTargetID = 48E993912CCE408000C554B9;
					};
				};
			};
			buildConfigurationList = 48E9938D2CCE408000C554B9 /* Build configuration list for PBXProject "ApiKitSample" */;
			developmentRegion = en;
			hasScannedForEncodings = 0;
			knownRegions = (
				en,
				Base,
			);
			mainGroup = 48E993892CCE408000C554B9;
			minimizedProjectReferenceProxies = 1;
			packageReferences = (
				48E993C72CDF27AE00C554B9 /* XCRemoteSwiftPackageReference "APIKit" */,
			);
			preferredProjectObjectVersion = 77;
			productRefGroup = 48E993932CCE408000C554B9 /* Products */;
			projectDirPath = "";
			projectRoot = "";
			targets = (
				48E993912CCE408000C554B9 /* ApiKitSample */,
				48E993A12CCE408100C554B9 /* ApiKitSampleTests */,
				48E993AB2CCE408100C554B9 /* ApiKitSampleUITests */,
			);
		};
/* End PBXProject section */

/* Begin PBXResourcesBuildPhase section */
		48E993902CCE408000C554B9 /* Resources */ = {
			isa = PBXResourcesBuildPhase;
			buildActionMask = 2147483647;
			files = (
			);
			runOnlyForDeploymentPostprocessing = 0;
		};
		48E993A02CCE408100C554B9 /* Resources */ = {
			isa = PBXResourcesBuildPhase;
			buildActionMask = 2147483647;
			files = (
			);
			runOnlyForDeploymentPostprocessing = 0;
		};
		48E993AA2CCE408100C554B9 /* Resources */ = {
			isa = PBXResourcesBuildPhase;
			buildActionMask = 2147483647;
			files = (
			);
			runOnlyForDeploymentPostprocessing = 0;
		};
/* End PBXResourcesBuildPhase section */

/* Begin PBXSourcesBuildPhase section */
		48E9938E2CCE408000C554B9 /* Sources */ = {
			isa = PBXSourcesBuildPhase;
			buildActionMask = 2147483647;
			files = (
			);
			runOnlyForDeploymentPostprocessing = 0;
		};
		48E9939E2CCE408100C554B9 /* Sources */ = {
			isa = PBXSourcesBuildPhase;
			buildActionMask = 2147483647;
			files = (
			);
			runOnlyForDeploymentPostprocessing = 0;
		};
		48E993A82CCE408100C554B9 /* Sources */ = {
			isa = PBXSourcesBuildPhase;
			buildActionMask = 2147483647;
			files = (
			);
			runOnlyForDeploymentPostprocessing = 0;
		};
/* End PBXSourcesBuildPhase section */

/* Begin PBXTargetDependency section */
		48E993A42CCE408100C554B9 /* PBXTargetDependency */ = {
			isa = PBXTargetDependency;
			target = 48E993912CCE408000C554B9 /* ApiKitSample */;
			targetProxy = 48E993A32CCE408100C554B9 /* PBXContainerItemProxy */;
		};
		48E993AE2CCE408100C554B9 /* PBXTargetDependency */ = {
			isa = PBXTargetDependency;
			target = 48E993912CCE408000C554B9 /* ApiKitSample */;
			targetProxy = 48E993AD2CCE408100C554B9 /* PBXContainerItemProxy */;
		};
/* End PBXTargetDependency section */

/* Begin XCBuildConfiguration section */
		48E993B42CCE408100C554B9 /* Debug */ = {
			isa = XCBuildConfiguration;
			buildSettings = {
				ALWAYS_SEARCH_USER_PATHS = NO;
				ASSETCATALOG_COMPILER_GENERATE_SWIFT_ASSET_SYMBOL_EXTENSIONS = YES;
				CLANG_ANALYZER_NONNULL = YES;
				CLANG_ANALYZER_NUMBER_OBJECT_CONVERSION = YES_AGGRESSIVE;
				CLANG_CXX_LANGUAGE_STANDARD = "gnu++20";
				CLANG_ENABLE_MODULES = YES;
				CLANG_ENABLE_OBJC_ARC = YES;
				CLANG_ENABLE_OBJC_WEAK = YES;
				CLANG_WARN_BLOCK_CAPTURE_AUTORELEASING = YES;
				CLANG_WARN_BOOL_CONVERSION = YES;
				CLANG_WARN_COMMA = YES;
				CLANG_WARN_CONSTANT_CONVERSION = YES;
				CLANG_WARN_DEPRECATED_OBJC_IMPLEMENTATIONS = YES;
				CLANG_WARN_DIRECT_OBJC_ISA_USAGE = YES_ERROR;
				CLANG_WARN_DOCUMENTATION_COMMENTS = YES;
				CLANG_WARN_EMPTY_BODY = YES;
				CLANG_WARN_ENUM_CONVERSION = YES;
				CLANG_WARN_INFINITE_RECURSION = YES;
				CLANG_WARN_INT_CONVERSION = YES;
				CLANG_WARN_NON_LITERAL_NULL_CONVERSION = YES;
				CLANG_WARN_OBJC_IMPLICIT_RETAIN_SELF = YES;
				CLANG_WARN_OBJC_LITERAL_CONVERSION = YES;
				CLANG_WARN_OBJC_ROOT_CLASS = YES_ERROR;
				CLANG_WARN_QUOTED_INCLUDE_IN_FRAMEWORK_HEADER = YES;
				CLANG_WARN_RANGE_LOOP_ANALYSIS = YES;
				CLANG_WARN_STRICT_PROTOTYPES = YES;
				CLANG_WARN_SUSPICIOUS_MOVE = YES;
				CLANG_WARN_UNGUARDED_AVAILABILITY = YES_AGGRESSIVE;
				CLANG_WARN_UNREACHABLE_CODE = YES;
				CLANG_WARN__DUPLICATE_METHOD_MATCH = YES;
				COPY_PHASE_STRIP = NO;
				DEBUG_INFORMATION_FORMAT = dwarf;
				ENABLE_STRICT_OBJC_MSGSEND = YES;
				ENABLE_TESTABILITY = YES;
				ENABLE_USER_SCRIPT_SANDBOXING = YES;
				GCC_C_LANGUAGE_STANDARD = gnu17;
				GCC_DYNAMIC_NO_PIC = NO;
				GCC_NO_COMMON_BLOCKS = YES;
				GCC_OPTIMIZATION_LEVEL = 0;
				GCC_PREPROCESSOR_DEFINITIONS = (
					"DEBUG=1",
					"$(inherited)",
				);
				GCC_WARN_64_TO_32_BIT_CONVERSION = YES;
				GCC_WARN_ABOUT_RETURN_TYPE = YES_ERROR;
				GCC_WARN_UNDECLARED_SELECTOR = YES;
				GCC_WARN_UNINITIALIZED_AUTOS = YES_AGGRESSIVE;
				GCC_WARN_UNUSED_FUNCTION = YES;
				GCC_WARN_UNUSED_VARIABLE = YES;
				IPHONEOS_DEPLOYMENT_TARGET = 18.0;
				LOCALIZATION_PREFERS_STRING_CATALOGS = YES;
				MTL_ENABLE_DEBUG_INFO = INCLUDE_SOURCE;
				MTL_FAST_MATH = YES;
				ONLY_ACTIVE_ARCH = YES;
				SDKROOT = iphoneos;
				SWIFT_ACTIVE_COMPILATION_CONDITIONS = "DEBUG $(inherited)";
				SWIFT_OPTIMIZATION_LEVEL = "-Onone";
			};
			name = Debug;
		};
		48E993B52CCE408100C554B9 /* Release */ = {
			isa = XCBuildConfiguration;
			buildSettings = {
				ALWAYS_SEARCH_USER_PATHS = NO;
				ASSETCATALOG_COMPILER_GENERATE_SWIFT_ASSET_SYMBOL_EXTENSIONS = YES;
				CLANG_ANALYZER_NONNULL = YES;
				CLANG_ANALYZER_NUMBER_OBJECT_CONVERSION = YES_AGGRESSIVE;
				CLANG_CXX_LANGUAGE_STANDARD = "gnu++20";
				CLANG_ENABLE_MODULES = YES;
				CLANG_ENABLE_OBJC_ARC = YES;
				CLANG_ENABLE_OBJC_WEAK = YES;
				CLANG_WARN_BLOCK_CAPTURE_AUTORELEASING = YES;
				CLANG_WARN_BOOL_CONVERSION = YES;
				CLANG_WARN_COMMA = YES;
				CLANG_WARN_CONSTANT_CONVERSION = YES;
				CLANG_WARN_DEPRECATED_OBJC_IMPLEMENTATIONS = YES;
				CLANG_WARN_DIRECT_OBJC_ISA_USAGE = YES_ERROR;
				CLANG_WARN_DOCUMENTATION_COMMENTS = YES;
				CLANG_WARN_EMPTY_BODY = YES;
				CLANG_WARN_ENUM_CONVERSION = YES;
				CLANG_WARN_INFINITE_RECURSION = YES;
				CLANG_WARN_INT_CONVERSION = YES;
				CLANG_WARN_NON_LITERAL_NULL_CONVERSION = YES;
				CLANG_WARN_OBJC_IMPLICIT_RETAIN_SELF = YES;
				CLANG_WARN_OBJC_LITERAL_CONVERSION = YES;
				CLANG_WARN_OBJC_ROOT_CLASS = YES_ERROR;
				CLANG_WARN_QUOTED_INCLUDE_IN_FRAMEWORK_HEADER = YES;
				CLANG_WARN_RANGE_LOOP_ANALYSIS = YES;
				CLANG_WARN_STRICT_PROTOTYPES = YES;
				CLANG_WARN_SUSPICIOUS_MOVE = YES;
				CLANG_WARN_UNGUARDED_AVAILABILITY = YES_AGGRESSIVE;
				CLANG_WARN_UNREACHABLE_CODE = YES;
				CLANG_WARN__DUPLICATE_METHOD_MATCH = YES;
				COPY_PHASE_STRIP = NO;
				DEBUG_INFORMATION_FORMAT = "dwarf-with-dsym";
				ENABLE_NS_ASSERTIONS = NO;
				ENABLE_STRICT_OBJC_MSGSEND = YES;
				ENABLE_USER_SCRIPT_SANDBOXING = YES;
				GCC_C_LANGUAGE_STANDARD = gnu17;
				GCC_NO_COMMON_BLOCKS = YES;
				GCC_WARN_64_TO_32_BIT_CONVERSION = YES;
				GCC_WARN_ABOUT_RETURN_TYPE = YES_ERROR;
				GCC_WARN_UNDECLARED_SELECTOR = YES;
				GCC_WARN_UNINITIALIZED_AUTOS = YES_AGGRESSIVE;
				GCC_WARN_UNUSED_FUNCTION = YES;
				GCC_WARN_UNUSED_VARIABLE = YES;
				IPHONEOS_DEPLOYMENT_TARGET = 18.0;
				LOCALIZATION_PREFERS_STRING_CATALOGS = YES;
				MTL_ENABLE_DEBUG_INFO = NO;
				MTL_FAST_MATH = YES;
				SDKROOT = iphoneos;
				SWIFT_COMPILATION_MODE = wholemodule;
				VALIDATE_PRODUCT = YES;
			};
			name = Release;
		};
		48E993B72CCE408100C554B9 /* Debug */ = {
			isa = XCBuildConfiguration;
			buildSettings = {
				ASSETCATALOG_COMPILER_APPICON_NAME = AppIcon;
				ASSETCATALOG_COMPILER_GLOBAL_ACCENT_COLOR_NAME = AccentColor;
				CODE_SIGN_STYLE = Automatic;
				CURRENT_PROJECT_VERSION = 1;
				DEVELOPMENT_ASSET_PATHS = "\"ApiKitSample/Preview Content\"";
				ENABLE_PREVIEWS = YES;
				GENERATE_INFOPLIST_FILE = YES;
				INFOPLIST_KEY_UIApplicationSceneManifest_Generation = YES;
				INFOPLIST_KEY_UIApplicationSupportsIndirectInputEvents = YES;
				INFOPLIST_KEY_UILaunchScreen_Generation = YES;
				INFOPLIST_KEY_UISupportedInterfaceOrientations_iPad = "UIInterfaceOrientationPortrait UIInterfaceOrientationPortraitUpsideDown UIInterfaceOrientationLandscapeLeft UIInterfaceOrientationLandscapeRight";
				INFOPLIST_KEY_UISupportedInterfaceOrientations_iPhone = "UIInterfaceOrientationPortrait UIInterfaceOrientationLandscapeLeft UIInterfaceOrientationLandscapeRight";
				LD_RUNPATH_SEARCH_PATHS = (
					"$(inherited)",
					"@executable_path/Frameworks",
				);
				MARKETING_VERSION = 1.0;
				PRODUCT_BUNDLE_IDENTIFIER = kebin.sato.ApiKitSample;
				PRODUCT_NAME = "$(TARGET_NAME)";
				SWIFT_EMIT_LOC_STRINGS = YES;
				SWIFT_VERSION = 5.0;
				TARGETED_DEVICE_FAMILY = "1,2";
			};
			name = Debug;
		};
		48E993B82CCE408100C554B9 /* Release */ = {
			isa = XCBuildConfiguration;
			buildSettings = {
				ASSETCATALOG_COMPILER_APPICON_NAME = AppIcon;
				ASSETCATALOG_COMPILER_GLOBAL_ACCENT_COLOR_NAME = AccentColor;
				CODE_SIGN_STYLE = Automatic;
				CURRENT_PROJECT_VERSION = 1;
				DEVELOPMENT_ASSET_PATHS = "\"ApiKitSample/Preview Content\"";
				ENABLE_PREVIEWS = YES;
				GENERATE_INFOPLIST_FILE = YES;
				INFOPLIST_KEY_UIApplicationSceneManifest_Generation = YES;
				INFOPLIST_KEY_UIApplicationSupportsIndirectInputEvents = YES;
				INFOPLIST_KEY_UILaunchScreen_Generation = YES;
				INFOPLIST_KEY_UISupportedInterfaceOrientations_iPad = "UIInterfaceOrientationPortrait UIInterfaceOrientationPortraitUpsideDown UIInterfaceOrientationLandscapeLeft UIInterfaceOrientationLandscapeRight";
				INFOPLIST_KEY_UISupportedInterfaceOrientations_iPhone = "UIInterfaceOrientationPortrait UIInterfaceOrientationLandscapeLeft UIInterfaceOrientationLandscapeRight";
				LD_RUNPATH_SEARCH_PATHS = (
					"$(inherited)",
					"@executable_path/Frameworks",
				);
				MARKETING_VERSION = 1.0;
				PRODUCT_BUNDLE_IDENTIFIER = kebin.sato.ApiKitSample;
				PRODUCT_NAME = "$(TARGET_NAME)";
				SWIFT_EMIT_LOC_STRINGS = YES;
				SWIFT_VERSION = 5.0;
				TARGETED_DEVICE_FAMILY = "1,2";
			};
			name = Release;
		};
		48E993BA2CCE408100C554B9 /* Debug */ = {
			isa = XCBuildConfiguration;
			buildSettings = {
				BUNDLE_LOADER = "$(TEST_HOST)";
				CODE_SIGN_STYLE = Automatic;
				CURRENT_PROJECT_VERSION = 1;
				GENERATE_INFOPLIST_FILE = YES;
				IPHONEOS_DEPLOYMENT_TARGET = 18.0;
				MARKETING_VERSION = 1.0;
				PRODUCT_BUNDLE_IDENTIFIER = kebin.sato.ApiKitSampleTests;
				PRODUCT_NAME = "$(TARGET_NAME)";
				SWIFT_EMIT_LOC_STRINGS = NO;
				SWIFT_VERSION = 5.0;
				TARGETED_DEVICE_FAMILY = "1,2";
				TEST_HOST = "$(BUILT_PRODUCTS_DIR)/ApiKitSample.app/$(BUNDLE_EXECUTABLE_FOLDER_PATH)/ApiKitSample";
			};
			name = Debug;
		};
		48E993BB2CCE408100C554B9 /* Release */ = {
			isa = XCBuildConfiguration;
			buildSettings = {
				BUNDLE_LOADER = "$(TEST_HOST)";
				CODE_SIGN_STYLE = Automatic;
				CURRENT_PROJECT_VERSION = 1;
				GENERATE_INFOPLIST_FILE = YES;
				IPHONEOS_DEPLOYMENT_TARGET = 18.0;
				MARKETING_VERSION = 1.0;
				PRODUCT_BUNDLE_IDENTIFIER = kebin.sato.ApiKitSampleTests;
				PRODUCT_NAME = "$(TARGET_NAME)";
				SWIFT_EMIT_LOC_STRINGS = NO;
				SWIFT_VERSION = 5.0;
				TARGETED_DEVICE_FAMILY = "1,2";
				TEST_HOST = "$(BUILT_PRODUCTS_DIR)/ApiKitSample.app/$(BUNDLE_EXECUTABLE_FOLDER_PATH)/ApiKitSample";
			};
			name = Release;
		};
		48E993BD2CCE408100C554B9 /* Debug */ = {
			isa = XCBuildConfiguration;
			buildSettings = {
				CODE_SIGN_STYLE = Automatic;
				CURRENT_PROJECT_VERSION = 1;
				GENERATE_INFOPLIST_FILE = YES;
				MARKETING_VERSION = 1.0;
				PRODUCT_BUNDLE_IDENTIFIER = kebin.sato.ApiKitSampleUITests;
				PRODUCT_NAME = "$(TARGET_NAME)";
				SWIFT_EMIT_LOC_STRINGS = NO;
				SWIFT_VERSION = 5.0;
				TARGETED_DEVICE_FAMILY = "1,2";
				TEST_TARGET_NAME = ApiKitSample;
			};
			name = Debug;
		};
		48E993BE2CCE408100C554B9 /* Release */ = {
			isa = XCBuildConfiguration;
			buildSettings = {
				CODE_SIGN_STYLE = Automatic;
				CURRENT_PROJECT_VERSION = 1;
				GENERATE_INFOPLIST_FILE = YES;
				MARKETING_VERSION = 1.0;
				PRODUCT_BUNDLE_IDENTIFIER = kebin.sato.ApiKitSampleUITests;
				PRODUCT_NAME = "$(TARGET_NAME)";
				SWIFT_EMIT_LOC_STRINGS = NO;
				SWIFT_VERSION = 5.0;
				TARGETED_DEVICE_FAMILY = "1,2";
				TEST_TARGET_NAME = ApiKitSample;
			};
			name = Release;
		};
/* End XCBuildConfiguration section */

/* Begin XCConfigurationList section */
		48E9938D2CCE408000C554B9 /* Build configuration list for PBXProject "ApiKitSample" */ = {
			isa = XCConfigurationList;
			buildConfigurations = (
				48E993B42CCE408100C554B9 /* Debug */,
				48E993B52CCE408100C554B9 /* Release */,
			);
			defaultConfigurationIsVisible = 0;
			defaultConfigurationName = Release;
		};
		48E993B62CCE408100C554B9 /* Build configuration list for PBXNativeTarget "ApiKitSample" */ = {
			isa = XCConfigurationList;
			buildConfigurations = (
				48E993B72CCE408100C554B9 /* Debug */,
				48E993B82CCE408100C554B9 /* Release */,
			);
			defaultConfigurationIsVisible = 0;
			defaultConfigurationName = Release;
		};
		48E993B92CCE408100C554B9 /* Build configuration list for PBXNativeTarget "ApiKitSampleTests" */ = {
			isa = XCConfigurationList;
			buildConfigurations = (
				48E993BA2CCE408100C554B9 /* Debug */,
				48E993BB2CCE408100C554B9 /* Release */,
			);
			defaultConfigurationIsVisible = 0;
			defaultConfigurationName = Release;
		};
		48E993BC2CCE408100C554B9 /* Build configuration list for PBXNativeTarget "ApiKitSampleUITests" */ = {
			isa = XCConfigurationList;
			buildConfigurations = (
				48E993BD2CCE408100C554B9 /* Debug */,
				48E993BE2CCE408100C554B9 /* Release */,
			);
			defaultConfigurationIsVisible = 0;
			defaultConfigurationName = Release;
		};
/* End XCConfigurationList section */

/* Begin XCRemoteSwiftPackageReference section */
		48E993C72CDF27AE00C554B9 /* XCRemoteSwiftPackageReference "APIKit" */ = {
			isa = XCRemoteSwiftPackageReference;
			repositoryURL = "https://github.com/ishkawa/APIKit.git";
			requirement = {
				kind = upToNextMajorVersion;
				minimumVersion = 5.4.0;
			};
		};
/* End XCRemoteSwiftPackageReference section */

/* Begin XCSwiftPackageProductDependency section */
		48E993C82CDF27AE00C554B9 /* APIKit */ = {
			isa = XCSwiftPackageProductDependency;
			package = 48E993C72CDF27AE00C554B9 /* XCRemoteSwiftPackageReference "APIKit" */;
			productName = APIKit;
		};
/* End XCSwiftPackageProductDependency section */
	};
	rootObject = 48E9938A2CCE408000C554B9 /* Project object */;
}
